// !$*UTF8*$!
{
	archiveVersion = 1;
	classes = {
	};
	objectVersion = 77;
	objects = {

/* Begin PBXContainerItemProxy section */
		4840C4292966488A95A59985 /* PBXContainerItemProxy */ = {
			isa = PBXContainerItemProxy;
			containerPortal = 86E42B1E86CD4AD0B1A387AE /* Project object */;
			proxyType = 1;
			remoteGlobalIDString = 32A70BA4664B4C6E81FA3327;
			remoteInfo = Humm;
		};
		5E0A6AF37C16416B80DD0F62 /* PBXContainerItemProxy */ = {
			isa = PBXContainerItemProxy;
			containerPortal = 86E42B1E86CD4AD0B1A387AE /* Project object */;
			proxyType = 1;
			remoteGlobalIDString = 32A70BA4664B4C6E81FA3327;
			remoteInfo = Humm;
		};
/* End PBXContainerItemProxy section */

/* Begin PBXFileReference section */
		9A956E8A76684669BCC60482 /* Humm.app */ = {isa = PBXFileReference; explicitFileType = wrapper.application; includeInIndex = 0; path = Humm.app; sourceTree = BUILT_PRODUCTS_DIR; };
		2A391181CDE54F8DB23394B8 /* HummTests.xctest */ = {isa = PBXFileReference; explicitFileType = wrapper.cfbundle; includeInIndex = 0; path = HummTests.xctest; sourceTree = BUILT_PRODUCTS_DIR; };
		AFE4B6B3CDAC47F69EC4FC28 /* HummUITests.xctest */ = {isa = PBXFileReference; explicitFileType = wrapper.cfbundle; includeInIndex = 0; path = HummUITests.xctest; sourceTree = BUILT_PRODUCTS_DIR; };
/* End PBXFileReference section */

/* Begin PBXFileSystemSynchronizedBuildFileExceptionSet section */
		E81CEFDB084742FC8C6D8192 /* Exceptions for "Config" folder in "Humm" target */ = {
			isa = PBXFileSystemSynchronizedBuildFileExceptionSet;
			membershipExceptions = (
				Debug.xcconfig,
				Release.xcconfig,
				Shared.xcconfig,
				Tests.xcconfig,
			);
			target = 32A70BA4664B4C6E81FA3327 /* Humm */;
		};
/* End PBXFileSystemSynchronizedBuildFileExceptionSet section */

/* Begin PBXFileSystemSynchronizedRootGroup section */
		1FE8BA74A11F4CEE918649EE /* Humm */ = {
			isa = PBXFileSystemSynchronizedRootGroup;
			path = Humm;
			sourceTree = "<group>";
		};
		49627D43F37F4B2E9E443914 /* HummTests */ = {
			isa = PBXFileSystemSynchronizedRootGroup;
			path = HummTests;
			sourceTree = "<group>";
		};
		FBD860695A364F2083B4885E /* HummUITests */ = {
			isa = PBXFileSystemSynchronizedRootGroup;
			path = HummUITests;
			sourceTree = "<group>";
		};
		DCD7775EFBA342188CCD2ACA /* Config */ = {
			isa = PBXFileSystemSynchronizedRootGroup;
			exceptions = (
				E81CEFDB084742FC8C6D8192 /* Exceptions for "Config" folder in "Humm" target */,
			);
			path = Config;
			sourceTree = "<group>";
		};
/* End PBXFileSystemSynchronizedRootGroup section */

/* Begin PBXFrameworksBuildPhase section */
		41F9CBEEFF87429ABF80B35F /* Frameworks */ = {
			isa = PBXFrameworksBuildPhase;
			buildActionMask = 2147483647;
			files = (
			);
			runOnlyForDeploymentPostprocessing = 0;
		};
		CD4600AD0F0D4A88BEED2AF1 /* Frameworks */ = {
			isa = PBXFrameworksBuildPhase;
			buildActionMask = 2147483647;
			files = (
			);
			runOnlyForDeploymentPostprocessing = 0;
		};
		6D5758D5B6544AB8BA07DD8B /* Frameworks */ = {
			isa = PBXFrameworksBuildPhase;
			buildActionMask = 2147483647;
			files = (
			);
			runOnlyForDeploymentPostprocessing = 0;
		};
/* End PBXFrameworksBuildPhase section */

/* Begin PBXGroup section */
		6956B9F7113F469A8C740CF9 = {
			isa = PBXGroup;
			children = (
				1FE8BA74A11F4CEE918649EE /* Humm */,
				49627D43F37F4B2E9E443914 /* HummTests */,
				FBD860695A364F2083B4885E /* HummUITests */,
				DCD7775EFBA342188CCD2ACA /* Config */,
				EC5979CACDD5420892A57B76 /* Products */,
			);
			sourceTree = "<group>";
		};
		EC5979CACDD5420892A57B76 /* Products */ = {
			isa = PBXGroup;
			children = (
				9A956E8A76684669BCC60482 /* Humm.app */,
				2A391181CDE54F8DB23394B8 /* HummTests.xctest */,
				AFE4B6B3CDAC47F69EC4FC28 /* HummUITests.xctest */,
			);
			name = Products;
			sourceTree = "<group>";
		};
/* End PBXGroup section */

/* Begin PBXNativeTarget section */
		32A70BA4664B4C6E81FA3327 /* Humm */ = {
			isa = PBXNativeTarget;
			buildConfigurationList = 8317ABC9994C4A07B0FD7C0F /* Build configuration list for PBXNativeTarget "Humm" */;
			buildPhases = (
				16D165F2456A4FCF974948FD /* Sources */,
				41F9CBEEFF87429ABF80B35F /* Frameworks */,
				783F63A81DD64B27BCE4C398 /* Resources */,
			);
			buildRules = (
			);
			dependencies = (
			);
			fileSystemSynchronizedGroups = (
				1FE8BA74A11F4CEE918649EE /* Humm */,
				DCD7775EFBA342188CCD2ACA /* Config */,
			);
			name = Humm;
			productName = Humm;
			productReference = 9A956E8A76684669BCC60482 /* Humm.app */;
			productType = "com.apple.product-type.application";
		};
		88581B3C8ACC431BB9024E69 /* HummTests */ = {
			isa = PBXNativeTarget;
			buildConfigurationList = 9AED7D361AB34E69A5FC72E7 /* Build configuration list for PBXNativeTarget "HummTests" */;
			buildPhases = (
				F2F410829E84438B8EF78696 /* Sources */,
				CD4600AD0F0D4A88BEED2AF1 /* Frameworks */,
				3C7CE26910334B9D967C307F /* Resources */,
			);
			buildRules = (
			);
			dependencies = (
				C676B464138E4710B1564068 /* PBXTargetDependency */,
			);
			fileSystemSynchronizedGroups = (
				49627D43F37F4B2E9E443914 /* HummTests */,
			);
			name = HummTests;
			productName = HummTests;
			productReference = 2A391181CDE54F8DB23394B8 /* HummTests.xctest */;
			productType = "com.apple.product-type.bundle.unit-testing";
		};
		2DCDE5CC3914449C82A53582 /* HummUITests */ = {
			isa = PBXNativeTarget;
			buildConfigurationList = BDA2EED88CDB4660BCE03B6B /* Build configuration list for PBXNativeTarget "HummUITests" */;
			buildPhases = (
				BEAC6CE97515435F9773C11E /* Sources */,
				6D5758D5B6544AB8BA07DD8B /* Frameworks */,
				FF7A6990EB0E44A59CC9FB6E /* Resources */,
			);
			buildRules = (
			);
			dependencies = (
				5D2B9BFD86E04A9EB881039A /* PBXTargetDependency */,
			);
			fileSystemSynchronizedGroups = (
				FBD860695A364F2083B4885E /* HummUITests */,
			);
			name = HummUITests;
			productName = HummUITests;
			productReference = AFE4B6B3CDAC47F69EC4FC28 /* HummUITests.xctest */;
			productType = "com.apple.product-type.bundle.ui-testing";
		};
/* End PBXNativeTarget section */

/* Begin PBXProject section */
		86E42B1E86CD4AD0B1A387AE /* Project object */ = {
			isa = PBXProject;
			attributes = {
				BuildIndependentTargetsInParallel = 1;
				LastSwiftUpdateCheck = 1630;
				LastUpgradeCheck = 2620;
				TargetAttributes = {
					32A70BA4664B4C6E81FA3327 = {
						CreatedOnToolsVersion = 26.2;
					};
					88581B3C8ACC431BB9024E69 = {
						CreatedOnToolsVersion = 26.2;
						TestTargetID = 32A70BA4664B4C6E81FA3327;
					};
					2DCDE5CC3914449C82A53582 = {
						CreatedOnToolsVersion = 26.2;
						TestTargetID = 32A70BA4664B4C6E81FA3327;
					};
				};
			};
			buildConfigurationList = ADE5EBB2944943B083E47EAC /* Build configuration list for PBXProject "Humm" */;
			developmentRegion = en;
			hasScannedForEncodings = 0;
			knownRegions = (
				en,
				Base,
			);
			mainGroup = 6956B9F7113F469A8C740CF9;
			minimizedProjectReferenceProxies = 1;
			preferredProjectObjectVersion = 77;
			productRefGroup = EC5979CACDD5420892A57B76 /* Products */;
			projectDirPath = "";
			projectRoot = "";
			targets = (
				32A70BA4664B4C6E81FA3327 /* Humm */,
				88581B3C8ACC431BB9024E69 /* HummTests */,
				2DCDE5CC3914449C82A53582 /* HummUITests */,
			);
		};
/* End PBXProject section */

/* Begin PBXResourcesBuildPhase section */
		783F63A81DD64B27BCE4C398 /* Resources */ = {
			isa = PBXResourcesBuildPhase;
			buildActionMask = 2147483647;
			files = (
			);
			runOnlyForDeploymentPostprocessing = 0;
		};
		3C7CE26910334B9D967C307F /* Resources */ = {
			isa = PBXResourcesBuildPhase;
			buildActionMask = 2147483647;
			files = (
			);
			runOnlyForDeploymentPostprocessing = 0;
		};
		FF7A6990EB0E44A59CC9FB6E /* Resources */ = {
			isa = PBXResourcesBuildPhase;
			buildActionMask = 2147483647;
			files = (
			);
			runOnlyForDeploymentPostprocessing = 0;
		};
/* End PBXResourcesBuildPhase section */

/* Begin PBXSourcesBuildPhase section */
		16D165F2456A4FCF974948FD /* Sources */ = {
			isa = PBXSourcesBuildPhase;
			buildActionMask = 2147483647;
			files = (
			);
			runOnlyForDeploymentPostprocessing = 0;
		};
		F2F410829E84438B8EF78696 /* Sources */ = {
			isa = PBXSourcesBuildPhase;
			buildActionMask = 2147483647;
			files = (
			);
			runOnlyForDeploymentPostprocessing = 0;
		};
		BEAC6CE97515435F9773C11E /* Sources */ = {
			isa = PBXSourcesBuildPhase;
			buildActionMask = 2147483647;
			files = (
			);
			runOnlyForDeploymentPostprocessing = 0;
		};
/* End PBXSourcesBuildPhase section */

/* Begin PBXTargetDependency section */
		C676B464138E4710B1564068 /* PBXTargetDependency */ = {
			isa = PBXTargetDependency;
			target = 32A70BA4664B4C6E81FA3327 /* Humm */;
			targetProxy = 4840C4292966488A95A59985 /* PBXContainerItemProxy */;
		};
		5D2B9BFD86E04A9EB881039A /* PBXTargetDependency */ = {
			isa = PBXTargetDependency;
			target = 32A70BA4664B4C6E81FA3327 /* Humm */;
			targetProxy = 5E0A6AF37C16416B80DD0F62 /* PBXContainerItemProxy */;
		};
/* End PBXTargetDependency section */

/* Begin XCBuildConfiguration section */
		D88C5A18AACF4D49B96277D7 /* Debug */ = {
			isa = XCBuildConfiguration;
			buildSettings = {
				ALWAYS_SEARCH_USER_PATHS = NO;
				ASSETCATALOG_COMPILER_GENERATE_SWIFT_ASSET_SYMBOL_EXTENSIONS = YES;
				CLANG_ANALYZER_NONNULL = YES;
				CLANG_ANALYZER_NUMBER_OBJECT_CONVERSION = YES_AGGRESSIVE;
				CLANG_CXX_LANGUAGE_STANDARD = "gnu++20";
				CLANG_ENABLE_MODULES = YES;
				CLANG_ENABLE_OBJC_ARC = YES;
				CLANG_ENABLE_OBJC_WEAK = YES;
				CLANG_WARN_BLOCK_CAPTURE_AUTORELEASING = YES;
				CLANG_WARN_BOOL_CONVERSION = YES;
				CLANG_WARN_COMMA = YES;
				CLANG_WARN_CONSTANT_CONVERSION = YES;
				CLANG_WARN_DEPRECATED_OBJC_IMPLEMENTATIONS = YES;
				CLANG_WARN_DIRECT_OBJC_ISA_USAGE = YES_ERROR;
				CLANG_WARN_DOCUMENTATION_COMMENTS = YES;
				CLANG_WARN_EMPTY_BODY = YES;
				CLANG_WARN_ENUM_CONVERSION = YES;
				CLANG_WARN_INFINITE_RECURSION = YES;
				CLANG_WARN_INT_CONVERSION = YES;
				CLANG_WARN_NON_LITERAL_NULL_CONVERSION = YES;
				CLANG_WARN_OBJC_IMPLICIT_RETAIN_SELF = YES;
				CLANG_WARN_OBJC_LITERAL_CONVERSION = YES;
				CLANG_WARN_OBJC_ROOT_CLASS = YES_ERROR;
				CLANG_WARN_QUOTED_INCLUDE_IN_FRAMEWORK_HEADER = YES;
				CLANG_WARN_RANGE_LOOP_ANALYSIS = YES;
				CLANG_WARN_STRICT_PROTOTYPES = YES;
				CLANG_WARN_SUSPICIOUS_MOVE = YES;
				CLANG_WARN_UNGUARDED_AVAILABILITY = YES_AGGRESSIVE;
				CLANG_WARN_UNREACHABLE_CODE = YES;
				CLANG_WARN__DUPLICATE_METHOD_MATCH = YES;
				COPY_PHASE_STRIP = NO;
				DEBUG_INFORMATION_FORMAT = dwarf;
				ENABLE_STRICT_OBJC_MSGSEND = YES;
				ENABLE_TESTABILITY = YES;
				ENABLE_USER_SCRIPT_SANDBOXING = YES;
				GCC_C_LANGUAGE_STANDARD = gnu17;
				GCC_DYNAMIC_NO_PIC = NO;
				GCC_NO_COMMON_BLOCKS = YES;
				GCC_OPTIMIZATION_LEVEL = 0;
				GCC_PREPROCESSOR_DEFINITIONS = (
					"DEBUG=1",
					"$(inherited)",
				);
				GCC_WARN_64_TO_32_BIT_CONVERSION = YES;
				GCC_WARN_ABOUT_RETURN_TYPE = YES_ERROR;
				GCC_WARN_UNDECLARED_SELECTOR = YES;
				GCC_WARN_UNINITIALIZED_AUTOS = YES_AGGRESSIVE;
				GCC_WARN_UNUSED_FUNCTION = YES;
				GCC_WARN_UNUSED_VARIABLE = YES;
				IPHONEOS_DEPLOYMENT_TARGET = 26.0;
				LOCALIZATION_PREFERS_STRING_CATALOGS = YES;
				MTL_ENABLE_DEBUG_INFO = INCLUDE_SOURCE;
				MTL_FAST_MATH = YES;
				ONLY_ACTIVE_ARCH = YES;
				SDKROOT = iphoneos;
				SWIFT_ACTIVE_COMPILATION_CONDITIONS = "DEBUG $(inherited)";
				SWIFT_APPROACHABLE_CONCURRENCY = YES;
				SWIFT_DEFAULT_ACTOR_ISOLATION = MainActor;
				SWIFT_OPTIMIZATION_LEVEL = "-Onone";
				SWIFT_VERSION = 6.0;
			};
			name = Debug;
		};
		959F2AFB22C7489AB6043E72 /* Release */ = {
			isa = XCBuildConfiguration;
			buildSettings = {
				ALWAYS_SEARCH_USER_PATHS = NO;
				ASSETCATALOG_COMPILER_GENERATE_SWIFT_ASSET_SYMBOL_EXTENSIONS = YES;
				CLANG_ANALYZER_NONNULL = YES;
				CLANG_ANALYZER_NUMBER_OBJECT_CONVERSION = YES_AGGRESSIVE;
				CLANG_CXX_LANGUAGE_STANDARD = "gnu++20";
				CLANG_ENABLE_MODULES = YES;
				CLANG_ENABLE_OBJC_ARC = YES;
				CLANG_ENABLE_OBJC_WEAK = YES;
				CLANG_WARN_BLOCK_CAPTURE_AUTORELEASING = YES;
				CLANG_WARN_BOOL_CONVERSION = YES;
				CLANG_WARN_COMMA = YES;
				CLANG_WARN_CONSTANT_CONVERSION = YES;
				CLANG_WARN_DEPRECATED_OBJC_IMPLEMENTATIONS = YES;
				CLANG_WARN_DIRECT_OBJC_ISA_USAGE = YES_ERROR;
				CLANG_WARN_DOCUMENTATION_COMMENTS = YES;
				CLANG_WARN_EMPTY_BODY = YES;
				CLANG_WARN_ENUM_CONVERSION = YES;
				CLANG_WARN_INFINITE_RECURSION = YES;
				CLANG_WARN_INT_CONVERSION = YES;
				CLANG_WARN_NON_LITERAL_NULL_CONVERSION = YES;
				CLANG_WARN_OBJC_IMPLICIT_RETAIN_SELF = YES;
				CLANG_WARN_OBJC_LITERAL_CONVERSION = YES;
				CLANG_WARN_OBJC_ROOT_CLASS = YES_ERROR;
				CLANG_WARN_QUOTED_INCLUDE_IN_FRAMEWORK_HEADER = YES;
				CLANG_WARN_RANGE_LOOP_ANALYSIS = YES;
				CLANG_WARN_STRICT_PROTOTYPES = YES;
				CLANG_WARN_SUSPICIOUS_MOVE = YES;
				CLANG_WARN_UNGUARDED_AVAILABILITY = YES_AGGRESSIVE;
				CLANG_WARN_UNREACHABLE_CODE = YES;
				CLANG_WARN__DUPLICATE_METHOD_MATCH = YES;
				COPY_PHASE_STRIP = NO;
				DEBUG_INFORMATION_FORMAT = "dwarf-with-dsym";
				ENABLE_NS_ASSERTIONS = NO;
				ENABLE_STRICT_OBJC_MSGSEND = YES;
				ENABLE_USER_SCRIPT_SANDBOXING = YES;
				GCC_C_LANGUAGE_STANDARD = gnu17;
				GCC_NO_COMMON_BLOCKS = YES;
				GCC_WARN_64_TO_32_BIT_CONVERSION = YES;
				GCC_WARN_ABOUT_RETURN_TYPE = YES_ERROR;
				GCC_WARN_UNDECLARED_SELECTOR = YES;
				GCC_WARN_UNINITIALIZED_AUTOS = YES_AGGRESSIVE;
				GCC_WARN_UNUSED_FUNCTION = YES;
				GCC_WARN_UNUSED_VARIABLE = YES;
				IPHONEOS_DEPLOYMENT_TARGET = 26.0;
				LOCALIZATION_PREFERS_STRING_CATALOGS = YES;
				MTL_ENABLE_DEBUG_INFO = NO;
				MTL_FAST_MATH = YES;
				SDKROOT = iphoneos;
				SWIFT_APPROACHABLE_CONCURRENCY = YES;
				SWIFT_COMPILATION_MODE = wholemodule;
				SWIFT_DEFAULT_ACTOR_ISOLATION = MainActor;
				SWIFT_VERSION = 6.0;
				VALIDATE_PRODUCT = YES;
			};
			name = Release;
		};
		D800A9C1B0D54F199A2EC506 /* Debug */ = {
			isa = XCBuildConfiguration;
			baseConfigurationReferenceAnchor = DCD7775EFBA342188CCD2ACA /* Config */;
			baseConfigurationReferenceRelativePath = Debug.xcconfig;
			buildSettings = {
				ASSETCATALOG_COMPILER_APPICON_NAME = AppIcon;
				ASSETCATALOG_COMPILER_GLOBAL_ACCENT_COLOR_NAME = AccentColor;
				CODE_SIGN_STYLE = Automatic;
				DEVELOPMENT_TEAM = 9JMHZALFPZ;
				ENABLE_PREVIEWS = YES;
				GENERATE_INFOPLIST_FILE = YES;
				INFOPLIST_KEY_CFBundleDisplayName = "$(PRODUCT_DISPLAY_NAME)";
				INFOPLIST_KEY_LSApplicationCategoryType = "public.app-category.healthcare-fitness";
				INFOPLIST_KEY_UIApplicationSceneManifest_Generation = YES;
				INFOPLIST_KEY_UIApplicationSupportsIndirectInputEvents = YES;
				INFOPLIST_KEY_UILaunchScreen_Generation = YES;
				LD_RUNPATH_SEARCH_PATHS = (
					"$(inherited)",
					"@executable_path/Frameworks",
				);
				SWIFT_EMIT_LOC_STRINGS = YES;
			};
			name = Debug;
		};
		B4F0C0E20EF447EF958AEA62 /* Release */ = {
			isa = XCBuildConfiguration;
			baseConfigurationReferenceAnchor = DCD7775EFBA342188CCD2ACA /* Config */;
			baseConfigurationReferenceRelativePath = Release.xcconfig;
			buildSettings = {
				ASSETCATALOG_COMPILER_APPICON_NAME = AppIcon;
				ASSETCATALOG_COMPILER_GLOBAL_ACCENT_COLOR_NAME = AccentColor;
				CODE_SIGN_STYLE = Automatic;
				DEVELOPMENT_TEAM = 9JMHZALFPZ;
				ENABLE_PREVIEWS = YES;
				GENERATE_INFOPLIST_FILE = YES;
				INFOPLIST_KEY_CFBundleDisplayName = "$(PRODUCT_DISPLAY_NAME)";
				INFOPLIST_KEY_LSApplicationCategoryType = "public.app-category.healthcare-fitness";
				INFOPLIST_KEY_UIApplicationSceneManifest_Generation = YES;
				INFOPLIST_KEY_UIApplicationSupportsIndirectInputEvents = YES;
				INFOPLIST_KEY_UILaunchScreen_Generation = YES;
				LD_RUNPATH_SEARCH_PATHS = (
					"$(inherited)",
					"@executable_path/Frameworks",
				);
				SWIFT_EMIT_LOC_STRINGS = YES;
			};
			name = Release;
		};
		B7E046215F394C2BA4142BD3 /* Debug */ = {
			isa = XCBuildConfiguration;
			buildSettings = {
				BUNDLE_LOADER = "$(TEST_HOST)";
				CODE_SIGN_STYLE = Automatic;
				DEVELOPMENT_TEAM = 9JMHZALFPZ;
				GENERATE_INFOPLIST_FILE = YES;
				IPHONEOS_DEPLOYMENT_TARGET = 26.0;
				PRODUCT_BUNDLE_IDENTIFIER = com.patrickmckowen.humm.tests;
				PRODUCT_NAME = "$(TARGET_NAME)";
				SWIFT_EMIT_LOC_STRINGS = NO;
				TARGETED_DEVICE_FAMILY = "1,2";
				TEST_HOST = "$(BUILT_PRODUCTS_DIR)/Humm.app/$(BUNDLE_EXECUTABLE_FOLDER_PATH)/Humm";
			};
			name = Debug;
		};
		25F5363C59C846A8AF9C9140 /* Release */ = {
			isa = XCBuildConfiguration;
			buildSettings = {
				BUNDLE_LOADER = "$(TEST_HOST)";
				CODE_SIGN_STYLE = Automatic;
				DEVELOPMENT_TEAM = 9JMHZALFPZ;
				GENERATE_INFOPLIST_FILE = YES;
				IPHONEOS_DEPLOYMENT_TARGET = 26.0;
				PRODUCT_BUNDLE_IDENTIFIER = com.patrickmckowen.humm.tests;
				PRODUCT_NAME = "$(TARGET_NAME)";
				SWIFT_EMIT_LOC_STRINGS = NO;
				TARGETED_DEVICE_FAMILY = "1,2";
				TEST_HOST = "$(BUILT_PRODUCTS_DIR)/Humm.app/$(BUNDLE_EXECUTABLE_FOLDER_PATH)/Humm";
			};
			name = Release;
		};
		EB8B42758A3346EEA5799D61 /* Debug */ = {
			isa = XCBuildConfiguration;
			buildSettings = {
				CODE_SIGN_STYLE = Automatic;
				DEVELOPMENT_TEAM = 9JMHZALFPZ;
				GENERATE_INFOPLIST_FILE = YES;
				IPHONEOS_DEPLOYMENT_TARGET = 26.0;
				PRODUCT_BUNDLE_IDENTIFIER = com.patrickmckowen.humm.uitests;
				PRODUCT_NAME = "$(TARGET_NAME)";
				SWIFT_EMIT_LOC_STRINGS = NO;
				TARGETED_DEVICE_FAMILY = "1,2";
				TEST_TARGET_NAME = Humm;
			};
			name = Debug;
		};
		7BD15B60E0B943B4AA8640E4 /* Release */ = {
			isa = XCBuildConfiguration;
			buildSettings = {
				CODE_SIGN_STYLE = Automatic;
				DEVELOPMENT_TEAM = 9JMHZALFPZ;
				GENERATE_INFOPLIST_FILE = YES;
				IPHONEOS_DEPLOYMENT_TARGET = 26.0;
				PRODUCT_BUNDLE_IDENTIFIER = com.patrickmckowen.humm.uitests;
				PRODUCT_NAME = "$(TARGET_NAME)";
				SWIFT_EMIT_LOC_STRINGS = NO;
				TARGETED_DEVICE_FAMILY = "1,2";
				TEST_TARGET_NAME = Humm;
			};
			name = Release;
		};
/* End XCBuildConfiguration section */

/* Begin XCConfigurationList section */
		ADE5EBB2944943B083E47EAC /* Build configuration list for PBXProject "Humm" */ = {
			isa = XCConfigurationList;
			buildConfigurations = (
				D88C5A18AACF4D49B96277D7 /* Debug */,
				959F2AFB22C7489AB6043E72 /* Release */,
			);
			defaultConfigurationIsVisible = 0;
			defaultConfigurationName = Release;
		};
		8317ABC9994C4A07B0FD7C0F /* Build configuration list for PBXNativeTarget "Humm" */ = {
			isa = XCConfigurationList;
			buildConfigurations = (
				D800A9C1B0D54F199A2EC506 /* Debug */,
				B4F0C0E20EF447EF958AEA62 /* Release */,
			);
			defaultConfigurationIsVisible = 0;
			defaultConfigurationName = Release;
		};
		9AED7D361AB34E69A5FC72E7 /* Build configuration list for PBXNativeTarget "HummTests" */ = {
			isa = XCConfigurationList;
			buildConfigurations = (
				B7E046215F394C2BA4142BD3 /* Debug */,
				25F5363C59C846A8AF9C9140 /* Release */,
			);
			defaultConfigurationIsVisible = 0;
			defaultConfigurationName = Release;
		};
		BDA2EED88CDB4660BCE03B6B /* Build configuration list for PBXNativeTarget "HummUITests" */ = {
			isa = XCConfigurationList;
			buildConfigurations = (
				EB8B42758A3346EEA5799D61 /* Debug */,
				7BD15B60E0B943B4AA8640E4 /* Release */,
			);
			defaultConfigurationIsVisible = 0;
			defaultConfigurationName = Release;
		};
/* End XCConfigurationList section */
	};
	rootObject = 86E42B1E86CD4AD0B1A387AE /* Project object */;
}
